
Microsoft Visual Studio Solution File, Format Version 12.00
# Visual Studio 2012
Project("{FAE04EC0-301F-11D3-BF4B-00C04F79EFBC}") = "Lab1", "Lab1\Lab1.csproj", "{6B1C1CD9-4A0B-42D7-BFDD-858116C08277}"
EndProject
Project("{FAE04EC0-301F-11D3-BF4B-00C04F79EFBC}") = "Project1", "Project1\Project1.csproj", "{F83DAA7B-6CF7-4468-9152-36FD0C89BB48}"
EndProject
Project("{FAE04EC0-301F-11D3-BF4B-00C04F79EFBC}") = "Project2", "Project2\Project2.csproj", "{4290564F-DADA-463D-A701-A88F30A2D94A}"
EndProject
Project("{FAE04EC0-301F-11D3-BF4B-00C04F79EFBC}") = "Project3WS", "Project3WS\Project3WS.csproj", "{9B180035-9A98-4301-8020-7AAC0B0D5A09}"
EndProject
Project("{FAE04EC0-301F-11D3-BF4B-00C04F79EFBC}") = "UtiliesLibrary", "UtiliesLibrary\UtiliesLibrary.csproj", "{25212099-032A-4CE9-9CD0-192EC3258AD2}"
EndProject
Project("{FAE04EC0-301F-11D3-BF4B-00C04F79EFBC}") = "HomePage", "HomePage\HomePage.csproj", "{11390343-2C79-4516-8A57-F50735CED370}"
EndProject
Project("{FAE04EC0-301F-11D3-BF4B-00C04F79EFBC}") = "CarLibrary", "CarLibrary\CarLibrary.csproj", "{9437792E-8571-4C77-8DAF-559FBC34C18E}"
EndProject
Global
	GlobalSection(SolutionConfigurationPlatforms) = preSolution
		Debug|Any CPU = Debug|Any CPU
		Release|Any CPU = Release|Any CPU
	EndGlobalSection
	GlobalSection(ProjectConfigurationPlatforms) = postSolution
		{6B1C1CD9-4A0B-42D7-BFDD-858116C08277}.Debug|Any CPU.ActiveCfg = Debug|Any CPU
		{6B1C1CD9-4A0B-42D7-BFDD-858116C08277}.Debug|Any CPU.Build.0 = Debug|Any CPU
		{6B1C1CD9-4A0B-42D7-BFDD-858116C08277}.Release|Any CPU.ActiveCfg = Release|Any CPU
		{6B1C1CD9-4A0B-42D7-BFDD-858116C08277}.Release|Any CPU.Build.0 = Release|Any CPU
		{F83DAA7B-6CF7-4468-9152-36FD0C89BB48}.Debug|Any CPU.ActiveCfg = Debug|Any CPU
		{F83DAA7B-6CF7-4468-9152-36FD0C89BB48}.Debug|Any CPU.Build.0 = Debug|Any CPU
		{F83DAA7B-6CF7-4468-9152-36FD0C89BB48}.Release|Any CPU.ActiveCfg = Release|Any CPU
		{F83DAA7B-6CF7-4468-9152-36FD0C89BB48}.Release|Any CPU.Build.0 = Release|Any CPU
		{4290564F-DADA-463D-A701-A88F30A2D94A}.Debug|Any CPU.ActiveCfg = Debug|Any CPU
		{4290564F-DADA-463D-A701-A88F30A2D94A}.Debug|Any CPU.Build.0 = Debug|Any CPU
		{4290564F-DADA-463D-A701-A88F30A2D94A}.Release|Any CPU.ActiveCfg = Release|Any CPU
		{4290564F-DADA-463D-A701-A88F30A2D94A}.Release|Any CPU.Build.0 = Release|Any CPU
		{9B180035-9A98-4301-8020-7AAC0B0D5A09}.Debug|Any CPU.ActiveCfg = Debug|Any CPU
		{9B180035-9A98-4301-8020-7AAC0B0D5A09}.Debug|Any CPU.Build.0 = Debug|Any CPU
		{9B180035-9A98-4301-8020-7AAC0B0D5A09}.Release|Any CPU.ActiveCfg = Release|Any CPU
		{9B180035-9A98-4301-8020-7AAC0B0D5A09}.Release|Any CPU.Build.0 = Release|Any CPU
		{25212099-032A-4CE9-9CD0-192EC3258AD2}.Debug|Any CPU.ActiveCfg = Debug|Any CPU
		{25212099-032A-4CE9-9CD0-192EC3258AD2}.Debug|Any CPU.Build.0 = Debug|Any CPU
		{25212099-032A-4CE9-9CD0-192EC3258AD2}.Release|Any CPU.ActiveCfg = Release|Any CPU
		{25212099-032A-4CE9-9CD0-192EC3258AD2}.Release|Any CPU.Build.0 = Release|Any CPU
		{11390343-2C79-4516-8A57-F50735CED370}.Debug|Any CPU.ActiveCfg = Debug|Any CPU
		{11390343-2C79-4516-8A57-F50735CED370}.Debug|Any CPU.Build.0 = Debug|Any CPU
		{11390343-2C79-4516-8A57-F50735CED370}.Release|Any CPU.ActiveCfg = Release|Any CPU
		{11390343-2C79-4516-8A57-F50735CED370}.Release|Any CPU.Build.0 = Release|Any CPU
		{9437792E-8571-4C77-8DAF-559FBC34C18E}.Debug|Any CPU.ActiveCfg = Debug|Any CPU
		{9437792E-8571-4C77-8DAF-559FBC34C18E}.Debug|Any CPU.Build.0 = Debug|Any CPU
		{9437792E-8571-4C77-8DAF-559FBC34C18E}.Release|Any CPU.ActiveCfg = Release|Any CPU
		{9437792E-8571-4C77-8DAF-559FBC34C18E}.Release|Any CPU.Build.0 = Release|Any CPU
	EndGlobalSection
	GlobalSection(SolutionProperties) = preSolution
		HideSolutionNode = FALSE
	EndGlobalSection
EndGlobal
